
Microsoft Visual Studio Solution File, Format Version 12.00
# Visual Studio Version 16
VisualStudioVersion = 16.0.31205.134
MinimumVisualStudioVersion = 10.0.40219.1
Project("{FAE04EC0-301F-11D3-BF4B-00C04F79EFBC}") = "WebApplication3", "WebApplication3\WebApplication3.csproj", "{FAEC55EF-1C35-41FB-AFEA-F4244CD1E80E}"
EndProject
Global
	GlobalSection(SolutionConfigurationPlatforms) = preSolution
		Debug|Any CPU = Debug|Any CPU
		Release|Any CPU = Release|Any CPU
	EndGlobalSection
	GlobalSection(ProjectConfigurationPlatforms) = postSolution
		{FAEC55EF-1C35-41FB-AFEA-F4244CD1E80E}.Debug|Any CPU.ActiveCfg = Debug|Any CPU
		{FAEC55EF-1C35-41FB-AFEA-F4244CD1E80E}.Debug|Any CPU.Build.0 = Debug|Any CPU
		{FAEC55EF-1C35-41FB-AFEA-F4244CD1E80E}.Release|Any CPU.ActiveCfg = Release|Any CPU
		{FAEC55EF-1C35-41FB-AFEA-F4244CD1E80E}.Release|Any CPU.Build.0 = Release|Any CPU
	EndGlobalSection
	GlobalSection(SolutionProperties) = preSolution
		HideSolutionNode = FALSE
	EndGlobalSection
	GlobalSection(ExtensibilityGlobals) = postSolution
		SolutionGuid = {07889855-74B0-4DAD-A3AA-D196EEB953E8}
	EndGlobalSection
EndGlobal
